
Microsoft Visual Studio Solution File, Format Version 12.00
# Visual Studio Version 17
VisualStudioVersion = 17.8.34525.116
MinimumVisualStudioVersion = 10.0.40219.1
Project("{FAE04EC0-301F-11D3-BF4B-00C04F79EFBC}") = "BinaryStringToNumericValueApp", "BinaryStringToNumericValueApp\BinaryStringToNumericValueApp.csproj", "{E52F07B8-BBCF-4CCE-9CDA-B5F899C976AF}"
EndProject
Global
	GlobalSection(SolutionConfigurationPlatforms) = preSolution
		Debug|Any CPU = Debug|Any CPU
		Release|Any CPU = Release|Any CPU
	EndGlobalSection
	GlobalSection(ProjectConfigurationPlatforms) = postSolution
		{E52F07B8-BBCF-4CCE-9CDA-B5F899C976AF}.Debug|Any CPU.ActiveCfg = Debug|Any CPU
		{E52F07B8-BBCF-4CCE-9CDA-B5F899C976AF}.Debug|Any CPU.Build.0 = Debug|Any CPU
		{E52F07B8-BBCF-4CCE-9CDA-B5F899C976AF}.Release|Any CPU.ActiveCfg = Release|Any CPU
		{E52F07B8-BBCF-4CCE-9CDA-B5F899C976AF}.Release|Any CPU.Build.0 = Release|Any CPU
	EndGlobalSection
	GlobalSection(SolutionProperties) = preSolution
		HideSolutionNode = FALSE
	EndGlobalSection
	GlobalSection(ExtensibilityGlobals) = postSolution
		SolutionGuid = {54F70A2D-A505-47CC-B81D-A1CE7B22A400}
	EndGlobalSection
EndGlobal
